
Microsoft Visual Studio Solution File, Format Version 12.00
# Visual Studio Version 16
VisualStudioVersion = 16.0.31624.102
MinimumVisualStudioVersion = 10.0.40219.1
Project("{FAE04EC0-301F-11D3-BF4B-00C04F79EFBC}") = "CSBasic7-menu", "CSBasic7-menu.csproj", "{324B6EC2-2DCE-466B-9C29-4331582173DE}"
EndProject
Global
	GlobalSection(SolutionConfigurationPlatforms) = preSolution
		Debug|Any CPU = Debug|Any CPU
		Release|Any CPU = Release|Any CPU
	EndGlobalSection
	GlobalSection(ProjectConfigurationPlatforms) = postSolution
		{324B6EC2-2DCE-466B-9C29-4331582173DE}.Debug|Any CPU.ActiveCfg = Debug|Any CPU
		{324B6EC2-2DCE-466B-9C29-4331582173DE}.Debug|Any CPU.Build.0 = Debug|Any CPU
		{324B6EC2-2DCE-466B-9C29-4331582173DE}.Release|Any CPU.ActiveCfg = Release|Any CPU
		{324B6EC2-2DCE-466B-9C29-4331582173DE}.Release|Any CPU.Build.0 = Release|Any CPU
	EndGlobalSection
	GlobalSection(SolutionProperties) = preSolution
		HideSolutionNode = FALSE
	EndGlobalSection
	GlobalSection(ExtensibilityGlobals) = postSolution
		SolutionGuid = {15919A42-C121-4084-AB00-8BDC0D3BB0D8}
	EndGlobalSection
EndGlobal
