
Microsoft Visual Studio Solution File, Format Version 12.00
# Visual Studio Version 16
VisualStudioVersion = 16.0.31410.357
MinimumVisualStudioVersion = 10.0.40219.1
Project("{FAE04EC0-301F-11D3-BF4B-00C04F79EFBC}") = "FormPrac", "FormPrac.csproj", "{C5D1E6F2-3C7F-46C6-9614-0065E8B775E8}"
EndProject
Global
	GlobalSection(SolutionConfigurationPlatforms) = preSolution
		Debug|Any CPU = Debug|Any CPU
		Release|Any CPU = Release|Any CPU
	EndGlobalSection
	GlobalSection(ProjectConfigurationPlatforms) = postSolution
		{C5D1E6F2-3C7F-46C6-9614-0065E8B775E8}.Debug|Any CPU.ActiveCfg = Debug|Any CPU
		{C5D1E6F2-3C7F-46C6-9614-0065E8B775E8}.Debug|Any CPU.Build.0 = Debug|Any CPU
		{C5D1E6F2-3C7F-46C6-9614-0065E8B775E8}.Release|Any CPU.ActiveCfg = Release|Any CPU
		{C5D1E6F2-3C7F-46C6-9614-0065E8B775E8}.Release|Any CPU.Build.0 = Release|Any CPU
	EndGlobalSection
	GlobalSection(SolutionProperties) = preSolution
		HideSolutionNode = FALSE
	EndGlobalSection
	GlobalSection(ExtensibilityGlobals) = postSolution
		SolutionGuid = {2FE52BEB-2F78-42B0-96C6-4803AB3C2C09}
	EndGlobalSection
EndGlobal
